
Microsoft Visual Studio Solution File, Format Version 12.00
# Visual Studio Version 17
VisualStudioVersion = 17.1.32210.238
MinimumVisualStudioVersion = 10.0.40219.1
Project("{888888A0-9F3D-457C-B088-3A5042F75D52}") = "MongoDB", "MongoDB\MongoDB.pyproj", "{A0E887B2-05B5-432F-9CCD-0E19FA9844BA}"
EndProject
Global
	GlobalSection(SolutionConfigurationPlatforms) = preSolution
		Debug|Any CPU = Debug|Any CPU
		Release|Any CPU = Release|Any CPU
	EndGlobalSection
	GlobalSection(ProjectConfigurationPlatforms) = postSolution
		{A0E887B2-05B5-432F-9CCD-0E19FA9844BA}.Debug|Any CPU.ActiveCfg = Debug|Any CPU
		{A0E887B2-05B5-432F-9CCD-0E19FA9844BA}.Release|Any CPU.ActiveCfg = Release|Any CPU
	EndGlobalSection
	GlobalSection(SolutionProperties) = preSolution
		HideSolutionNode = FALSE
	EndGlobalSection
	GlobalSection(ExtensibilityGlobals) = postSolution
		SolutionGuid = {6F63D4E3-5C81-4AE2-833B-91B41CD376A2}
	EndGlobalSection
EndGlobal
